
Microsoft Visual Studio Solution File, Format Version 11.00
# Visual C++ Express 2010
Project("{8BC9CEB8-8B4A-11D0-8D11-00A0C91BC942}") = "winSesc", "winSesc.vcxproj", "{A54864F1-6C99-4165-A176-888B5427ADC2}"
EndProject
Global
	GlobalSection(SolutionConfigurationPlatforms) = preSolution
		barnes-3sd-msi-032-0001-0002-00|Win32 = barnes-3sd-msi-032-0001-0002-00|Win32
		barnes-dir-moesi-002-0001-0002-00|Win32 = barnes-dir-moesi-002-0001-0002-00|Win32
		cholesky-dir-moesi-002-0001-0002-00|Win32 = cholesky-dir-moesi-002-0001-0002-00|Win32
		Debug|Win32 = Debug|Win32
		fft-002-0001-0002-00|Win32 = fft-002-0001-0002-00|Win32
		fft-3sd-mesi-032-0001-0002-00|Win32 = fft-3sd-mesi-032-0001-0002-00|Win32
		fft-3sd-moesi-002-0001-0002-00|Win32 = fft-3sd-moesi-002-0001-0002-00|Win32
		fft-3sd-moesi-004-0001-0002-00|Win32 = fft-3sd-moesi-004-0001-0002-00|Win32
		fft-3sd-moesi-008-0001-0002-00|Win32 = fft-3sd-moesi-008-0001-0002-00|Win32
		fft-3sd-moesi-016-0001-0002-00|Win32 = fft-3sd-moesi-016-0001-0002-00|Win32
		fft-3sd-moesi-032-0001-0002-00|Win32 = fft-3sd-moesi-032-0001-0002-00|Win32
		fft-3sd-msi-002-0001-0002-00|Win32 = fft-3sd-msi-002-0001-0002-00|Win32
		fft-3sd-msi-004-0001-0002-00|Win32 = fft-3sd-msi-004-0001-0002-00|Win32
		fft-3sd-msi-008-0001-0002-00|Win32 = fft-3sd-msi-008-0001-0002-00|Win32
		fft-3sd-msi-016-0001-0002-00|Win32 = fft-3sd-msi-016-0001-0002-00|Win32
		fft-3sd-msi-032-0001-0002-00|Win32 = fft-3sd-msi-032-0001-0002-00|Win32
		fft-dir-mesi-032-0001-0002-00|Win32 = fft-dir-mesi-032-0001-0002-00|Win32
		fft-dir-moesi-004-0001-0002-00|Win32 = fft-dir-moesi-004-0001-0002-00|Win32
		fft-dir-moesi-008-0001-0002-00|Win32 = fft-dir-moesi-008-0001-0002-00|Win32
		fft-dir-moesi-016-0001-0002-00|Win32 = fft-dir-moesi-016-0001-0002-00|Win32
		fft-dir-moesi-032-0001-0002-00|Win32 = fft-dir-moesi-032-0001-0002-00|Win32
		fft-dir-msi-002-0001-0002-00|Win32 = fft-dir-msi-002-0001-0002-00|Win32
		fft-dir-msi-004-0001-0002-00|Win32 = fft-dir-msi-004-0001-0002-00|Win32
		fft-dir-msi-008-0001-0002-00|Win32 = fft-dir-msi-008-0001-0002-00|Win32
		fft-dir-msi-016-0001-0002-00|Win32 = fft-dir-msi-016-0001-0002-00|Win32
		fft-dir-msi-032-0001-0002-00|Win32 = fft-dir-msi-032-0001-0002-00|Win32
		fft-origin-moesi-002-0001-0002|Win32 = fft-origin-moesi-002-0001-0002|Win32
		fft-snoopy-moesi-032-0001-0002-00|Win32 = fft-snoopy-moesi-032-0001-0002-00|Win32
		memtest-002-3sd-moesi|Win32 = memtest-002-3sd-moesi|Win32
		radix-3sd-moesi-004-0001-0002-00|Win32 = radix-3sd-moesi-004-0001-0002-00|Win32
		radix-3sd-moesi-008-0001-0002-00|Win32 = radix-3sd-moesi-008-0001-0002-00|Win32
		radix-3sd-msi-002-0001-0002-00|Win32 = radix-3sd-msi-002-0001-0002-00|Win32
		Release|Win32 = Release|Win32
		temp|Win32 = temp|Win32
		water-dir-moesi-002-0001-0002-00|Win32 = water-dir-moesi-002-0001-0002-00|Win32
	EndGlobalSection
	GlobalSection(ProjectConfigurationPlatforms) = postSolution
		{A54864F1-6C99-4165-A176-888B5427ADC2}.barnes-3sd-msi-032-0001-0002-00|Win32.ActiveCfg = barnes-3sd-msi-032-0001-0002-00|Win32
		{A54864F1-6C99-4165-A176-888B5427ADC2}.barnes-3sd-msi-032-0001-0002-00|Win32.Build.0 = barnes-3sd-msi-032-0001-0002-00|Win32
		{A54864F1-6C99-4165-A176-888B5427ADC2}.barnes-dir-moesi-002-0001-0002-00|Win32.ActiveCfg = barnes-dir-moesi-002-0001-0002-00|Win32
		{A54864F1-6C99-4165-A176-888B5427ADC2}.barnes-dir-moesi-002-0001-0002-00|Win32.Build.0 = barnes-dir-moesi-002-0001-0002-00|Win32
		{A54864F1-6C99-4165-A176-888B5427ADC2}.cholesky-dir-moesi-002-0001-0002-00|Win32.ActiveCfg = cholesky-dir-moesi-002-0001-0002-00|Win32
		{A54864F1-6C99-4165-A176-888B5427ADC2}.cholesky-dir-moesi-002-0001-0002-00|Win32.Build.0 = cholesky-dir-moesi-002-0001-0002-00|Win32
		{A54864F1-6C99-4165-A176-888B5427ADC2}.Debug|Win32.ActiveCfg = Release|Win32
		{A54864F1-6C99-4165-A176-888B5427ADC2}.Debug|Win32.Build.0 = Release|Win32
		{A54864F1-6C99-4165-A176-888B5427ADC2}.fft-002-0001-0002-00|Win32.ActiveCfg = fft-002-0001-0002-00|Win32
		{A54864F1-6C99-4165-A176-888B5427ADC2}.fft-002-0001-0002-00|Win32.Build.0 = fft-002-0001-0002-00|Win32
		{A54864F1-6C99-4165-A176-888B5427ADC2}.fft-3sd-mesi-032-0001-0002-00|Win32.ActiveCfg = fft-3sd-mesi-032-0001-0002-00|Win32
		{A54864F1-6C99-4165-A176-888B5427ADC2}.fft-3sd-mesi-032-0001-0002-00|Win32.Build.0 = fft-3sd-mesi-032-0001-0002-00|Win32
		{A54864F1-6C99-4165-A176-888B5427ADC2}.fft-3sd-moesi-002-0001-0002-00|Win32.ActiveCfg = fft-3sd-moesi-002-0001-0002-00|Win32
		{A54864F1-6C99-4165-A176-888B5427ADC2}.fft-3sd-moesi-002-0001-0002-00|Win32.Build.0 = fft-3sd-moesi-002-0001-0002-00|Win32
		{A54864F1-6C99-4165-A176-888B5427ADC2}.fft-3sd-moesi-004-0001-0002-00|Win32.ActiveCfg = fft-3sd-moesi-004-0001-0002-00|Win32
		{A54864F1-6C99-4165-A176-888B5427ADC2}.fft-3sd-moesi-004-0001-0002-00|Win32.Build.0 = fft-3sd-moesi-004-0001-0002-00|Win32
		{A54864F1-6C99-4165-A176-888B5427ADC2}.fft-3sd-moesi-008-0001-0002-00|Win32.ActiveCfg = fft-3sd-moesi-008-0001-0002-00|Win32
		{A54864F1-6C99-4165-A176-888B5427ADC2}.fft-3sd-moesi-008-0001-0002-00|Win32.Build.0 = fft-3sd-moesi-008-0001-0002-00|Win32
		{A54864F1-6C99-4165-A176-888B5427ADC2}.fft-3sd-moesi-016-0001-0002-00|Win32.ActiveCfg = fft-3sd-moesi-016-0001-0002-00|Win32
		{A54864F1-6C99-4165-A176-888B5427ADC2}.fft-3sd-moesi-016-0001-0002-00|Win32.Build.0 = fft-3sd-moesi-016-0001-0002-00|Win32
		{A54864F1-6C99-4165-A176-888B5427ADC2}.fft-3sd-moesi-032-0001-0002-00|Win32.ActiveCfg = fft-3sd-moesi-032-0001-0002-00|Win32
		{A54864F1-6C99-4165-A176-888B5427ADC2}.fft-3sd-moesi-032-0001-0002-00|Win32.Build.0 = fft-3sd-moesi-032-0001-0002-00|Win32
		{A54864F1-6C99-4165-A176-888B5427ADC2}.fft-3sd-msi-002-0001-0002-00|Win32.ActiveCfg = fft-3sd-msi-002-0001-0002-00|Win32
		{A54864F1-6C99-4165-A176-888B5427ADC2}.fft-3sd-msi-002-0001-0002-00|Win32.Build.0 = fft-3sd-msi-002-0001-0002-00|Win32
		{A54864F1-6C99-4165-A176-888B5427ADC2}.fft-3sd-msi-004-0001-0002-00|Win32.ActiveCfg = fft-3sd-msi-004-0001-0002-00|Win32
		{A54864F1-6C99-4165-A176-888B5427ADC2}.fft-3sd-msi-004-0001-0002-00|Win32.Build.0 = fft-3sd-msi-004-0001-0002-00|Win32
		{A54864F1-6C99-4165-A176-888B5427ADC2}.fft-3sd-msi-008-0001-0002-00|Win32.ActiveCfg = fft-3sd-msi-008-0001-0002-00|Win32
		{A54864F1-6C99-4165-A176-888B5427ADC2}.fft-3sd-msi-008-0001-0002-00|Win32.Build.0 = fft-3sd-msi-008-0001-0002-00|Win32
		{A54864F1-6C99-4165-A176-888B5427ADC2}.fft-3sd-msi-016-0001-0002-00|Win32.ActiveCfg = fft-3sd-msi-016-0001-0002-00|Win32
		{A54864F1-6C99-4165-A176-888B5427ADC2}.fft-3sd-msi-016-0001-0002-00|Win32.Build.0 = fft-3sd-msi-016-0001-0002-00|Win32
		{A54864F1-6C99-4165-A176-888B5427ADC2}.fft-3sd-msi-032-0001-0002-00|Win32.ActiveCfg = fft-3sd-msi-032-0001-0002-00|Win32
		{A54864F1-6C99-4165-A176-888B5427ADC2}.fft-3sd-msi-032-0001-0002-00|Win32.Build.0 = fft-3sd-msi-032-0001-0002-00|Win32
		{A54864F1-6C99-4165-A176-888B5427ADC2}.fft-dir-mesi-032-0001-0002-00|Win32.ActiveCfg = fft-dir-mesi-032-0001-0002-00|Win32
		{A54864F1-6C99-4165-A176-888B5427ADC2}.fft-dir-mesi-032-0001-0002-00|Win32.Build.0 = fft-dir-mesi-032-0001-0002-00|Win32
		{A54864F1-6C99-4165-A176-888B5427ADC2}.fft-dir-moesi-004-0001-0002-00|Win32.ActiveCfg = fft-dir-moesi-004-0001-0002-00|Win32
		{A54864F1-6C99-4165-A176-888B5427ADC2}.fft-dir-moesi-004-0001-0002-00|Win32.Build.0 = fft-dir-moesi-004-0001-0002-00|Win32
		{A54864F1-6C99-4165-A176-888B5427ADC2}.fft-dir-moesi-008-0001-0002-00|Win32.ActiveCfg = fft-dir-moesi-008-0001-0002-00|Win32
		{A54864F1-6C99-4165-A176-888B5427ADC2}.fft-dir-moesi-008-0001-0002-00|Win32.Build.0 = fft-dir-moesi-008-0001-0002-00|Win32
		{A54864F1-6C99-4165-A176-888B5427ADC2}.fft-dir-moesi-016-0001-0002-00|Win32.ActiveCfg = fft-dir-moesi-016-0001-0002-00|Win32
		{A54864F1-6C99-4165-A176-888B5427ADC2}.fft-dir-moesi-016-0001-0002-00|Win32.Build.0 = fft-dir-moesi-016-0001-0002-00|Win32
		{A54864F1-6C99-4165-A176-888B5427ADC2}.fft-dir-moesi-032-0001-0002-00|Win32.ActiveCfg = fft-dir-moesi-032-0001-0002-00|Win32
		{A54864F1-6C99-4165-A176-888B5427ADC2}.fft-dir-moesi-032-0001-0002-00|Win32.Build.0 = fft-dir-moesi-032-0001-0002-00|Win32
		{A54864F1-6C99-4165-A176-888B5427ADC2}.fft-dir-msi-002-0001-0002-00|Win32.ActiveCfg = fft-dir-msi-002-0001-0002-00|Win32
		{A54864F1-6C99-4165-A176-888B5427ADC2}.fft-dir-msi-002-0001-0002-00|Win32.Build.0 = fft-dir-msi-002-0001-0002-00|Win32
		{A54864F1-6C99-4165-A176-888B5427ADC2}.fft-dir-msi-004-0001-0002-00|Win32.ActiveCfg = fft-dir-msi-004-0001-0002-00|Win32
		{A54864F1-6C99-4165-A176-888B5427ADC2}.fft-dir-msi-004-0001-0002-00|Win32.Build.0 = fft-dir-msi-004-0001-0002-00|Win32
		{A54864F1-6C99-4165-A176-888B5427ADC2}.fft-dir-msi-008-0001-0002-00|Win32.ActiveCfg = fft-dir-msi-008-0001-0002-00|Win32
		{A54864F1-6C99-4165-A176-888B5427ADC2}.fft-dir-msi-008-0001-0002-00|Win32.Build.0 = fft-dir-msi-008-0001-0002-00|Win32
		{A54864F1-6C99-4165-A176-888B5427ADC2}.fft-dir-msi-016-0001-0002-00|Win32.ActiveCfg = fft-dir-msi-016-0001-0002-00|Win32
		{A54864F1-6C99-4165-A176-888B5427ADC2}.fft-dir-msi-016-0001-0002-00|Win32.Build.0 = fft-dir-msi-016-0001-0002-00|Win32
		{A54864F1-6C99-4165-A176-888B5427ADC2}.fft-dir-msi-032-0001-0002-00|Win32.ActiveCfg = fft-dir-msi-032-0001-0002-00|Win32
		{A54864F1-6C99-4165-A176-888B5427ADC2}.fft-dir-msi-032-0001-0002-00|Win32.Build.0 = fft-dir-msi-032-0001-0002-00|Win32
		{A54864F1-6C99-4165-A176-888B5427ADC2}.fft-origin-moesi-002-0001-0002|Win32.ActiveCfg = fft-origin-moesi-002-0001-0002|Win32
		{A54864F1-6C99-4165-A176-888B5427ADC2}.fft-origin-moesi-002-0001-0002|Win32.Build.0 = fft-origin-moesi-002-0001-0002|Win32
		{A54864F1-6C99-4165-A176-888B5427ADC2}.fft-snoopy-moesi-032-0001-0002-00|Win32.ActiveCfg = fft-snoopy-moesi-032-0001-0002-00|Win32
		{A54864F1-6C99-4165-A176-888B5427ADC2}.fft-snoopy-moesi-032-0001-0002-00|Win32.Build.0 = fft-snoopy-moesi-032-0001-0002-00|Win32
		{A54864F1-6C99-4165-A176-888B5427ADC2}.memtest-002-3sd-moesi|Win32.ActiveCfg = memtest-002-3sd-moesi|Win32
		{A54864F1-6C99-4165-A176-888B5427ADC2}.memtest-002-3sd-moesi|Win32.Build.0 = memtest-002-3sd-moesi|Win32
		{A54864F1-6C99-4165-A176-888B5427ADC2}.radix-3sd-moesi-004-0001-0002-00|Win32.ActiveCfg = radix-3sd-moesi-004-0001-0002-00|Win32
		{A54864F1-6C99-4165-A176-888B5427ADC2}.radix-3sd-moesi-004-0001-0002-00|Win32.Build.0 = radix-3sd-moesi-004-0001-0002-00|Win32
		{A54864F1-6C99-4165-A176-888B5427ADC2}.radix-3sd-moesi-008-0001-0002-00|Win32.ActiveCfg = radix-3sd-moesi-008-0001-0002-00|Win32
		{A54864F1-6C99-4165-A176-888B5427ADC2}.radix-3sd-moesi-008-0001-0002-00|Win32.Build.0 = radix-3sd-moesi-008-0001-0002-00|Win32
		{A54864F1-6C99-4165-A176-888B5427ADC2}.radix-3sd-msi-002-0001-0002-00|Win32.ActiveCfg = radix-3sd-msi-002-0001-0002-00|Win32
		{A54864F1-6C99-4165-A176-888B5427ADC2}.radix-3sd-msi-002-0001-0002-00|Win32.Build.0 = radix-3sd-msi-002-0001-0002-00|Win32
		{A54864F1-6C99-4165-A176-888B5427ADC2}.Release|Win32.ActiveCfg = Release|Win32
		{A54864F1-6C99-4165-A176-888B5427ADC2}.Release|Win32.Build.0 = Release|Win32
		{A54864F1-6C99-4165-A176-888B5427ADC2}.temp|Win32.ActiveCfg = temp|Win32
		{A54864F1-6C99-4165-A176-888B5427ADC2}.temp|Win32.Build.0 = temp|Win32
		{A54864F1-6C99-4165-A176-888B5427ADC2}.water-dir-moesi-002-0001-0002-00|Win32.ActiveCfg = water-dir-moesi-002-0001-0002-00|Win32
		{A54864F1-6C99-4165-A176-888B5427ADC2}.water-dir-moesi-002-0001-0002-00|Win32.Build.0 = water-dir-moesi-002-0001-0002-00|Win32
	EndGlobalSection
	GlobalSection(SolutionProperties) = preSolution
		HideSolutionNode = FALSE
	EndGlobalSection
EndGlobal
