
Microsoft Visual Studio Solution File, Format Version 11.00
# Visual C++ Express 2010
Project("{8BC9CEB8-8B4A-11D0-8D11-00A0C91BC942}") = "winSesc", "winSesc.vcxproj", "{A54864F1-6C99-4165-A176-888B5427ADC2}"
EndProject
Global
	GlobalSection(SolutionConfigurationPlatforms) = preSolution
		Debug|Win32 = Debug|Win32
		Release|Win32 = Release|Win32
	EndGlobalSection
	GlobalSection(ProjectConfigurationPlatforms) = postSolution
		{A54864F1-6C99-4165-A176-888B5427ADC2}.Debug|Win32.ActiveCfg = cholesky-002-0001-0002-00|Win32
		{A54864F1-6C99-4165-A176-888B5427ADC2}.Debug|Win32.Build.0 = cholesky-002-0001-0002-00|Win32
		{A54864F1-6C99-4165-A176-888B5427ADC2}.Release|Win32.ActiveCfg = Release|Win32
		{A54864F1-6C99-4165-A176-888B5427ADC2}.Release|Win32.Build.0 = Release|Win32
	EndGlobalSection
	GlobalSection(SolutionProperties) = preSolution
		HideSolutionNode = FALSE
	EndGlobalSection
EndGlobal
