<?xml version="1.0" encoding="utf-8"?>
<Project ToolsVersion="4.0" xmlns="http://schemas.microsoft.com/developer/msbuild/2003">
  <ItemGroup>
    <Filter Include="Header Files">
      <UniqueIdentifier>{93995380-89BD-4b04-88EB-625FBE52EBFB}</UniqueIdentifier>
      <Extensions>h;hpp;hxx;hm;inl;inc;xsd</Extensions>
    </Filter>
    <Filter Include="Resource Files">
      <UniqueIdentifier>{67DA6AB6-F800-4c08-8B7A-83BB121AAD01}</UniqueIdentifier>
      <Extensions>rc;ico;cur;bmp;dlg;rc2;rct;bin;rgs;gif;jpg;jpeg;jpe;resx</Extensions>
    </Filter>
    <Filter Include="Source Files">
      <UniqueIdentifier>{4FC737F1-C7A5-4376-A066-2A32D752A2FF}</UniqueIdentifier>
      <Extensions>cpp;c;cc;cxx;def;odl;idl;hpj;bat;asm;asmx</Extensions>
    </Filter>
  </ItemGroup>
  <ItemGroup>
    <ClInclude Include="libmint\Addressing.h">
      <Filter>Header Files</Filter>
    </ClInclude>
    <ClInclude Include="libmem\AddressPrefetcher.h">
      <Filter>Header Files</Filter>
    </ClInclude>
    <ClInclude Include="libmint\AddressSpace.h">
      <Filter>Header Files</Filter>
    </ClInclude>
    <ClInclude Include="libcore\AdvancedStats.h">
      <Filter>Header Files</Filter>
    </ClInclude>
    <ClInclude Include="MemSys\Devices\AllDeviceTypes.h">
      <Filter>Header Files</Filter>
    </ClInclude>
    <ClInclude Include="MemSys\Messages\AllMessageTypes.h">
      <Filter>Header Files</Filter>
    </ClInclude>
    <ClInclude Include="libsuc\alloca.h">
      <Filter>Header Files</Filter>
    </ClInclude>
    <ClInclude Include="libmem\AlwaysPrefetch.h">
      <Filter>Header Files</Filter>
    </ClInclude>
    <ClInclude Include="libmem\Bank.h">
      <Filter>Header Files</Filter>
    </ClInclude>
    <ClInclude Include="MemSys\Devices\BaseMemDevice.h">
      <Filter>Header Files</Filter>
    </ClInclude>
    <ClInclude Include="MemSys\Messages\BaseMsg.h">
      <Filter>Header Files</Filter>
    </ClInclude>
    <ClInclude Include="libsuc\BloomFilter.h">
      <Filter>Header Files</Filter>
    </ClInclude>
    <ClInclude Include="libcore\BPred.h">
      <Filter>Header Files</Filter>
    </ClInclude>
    <ClInclude Include="libmem\Bus.h">
      <Filter>Header Files</Filter>
    </ClInclude>
    <ClInclude Include="libmem\Cache.h">
      <Filter>Header Files</Filter>
    </ClInclude>
    <ClInclude Include="libsuc\CacheCore.h">
      <Filter>Header Files</Filter>
    </ClInclude>
    <ClInclude Include="libsuc\callback.h">
      <Filter>Header Files</Filter>
    </ClInclude>
    <ClInclude Include="libcore\Cluster.h">
      <Filter>Header Files</Filter>
    </ClInclude>
    <ClInclude Include="libmint\coff.h">
      <Filter>Header Files</Filter>
    </ClInclude>
    <ClInclude Include="libtrans\CollisionDetectionExcludeAllBut.h">
      <Filter>Header Files</Filter>
    </ClInclude>
    <ClInclude Include="libtrans\CollisionDetectionFlatten.h">
      <Filter>Header Files</Filter>
    </ClInclude>
    <ClInclude Include="libtrans\CollisionDetectionNoBlend.h">
      <Filter>Header Files</Filter>
    </ClInclude>
    <ClInclude Include="libmint\common.h">
      <Filter>Header Files</Filter>
    </ClInclude>
    <ClInclude Include="libsuc\Config.h">
      <Filter>Header Files</Filter>
    </ClInclude>
    <ClInclude Include="MemSys\Configuration.h">
      <Filter>Header Files</Filter>
    </ClInclude>
    <ClInclude Include="MemSys\Connection.h">
      <Filter>Header Files</Filter>
    </ClInclude>
    <ClInclude Include="libsuc\DbgObject.h">
      <Filter>Header Files</Filter>
    </ClInclude>
    <ClInclude Include="MemSys\Debug.h">
      <Filter>Header Files</Filter>
    </ClInclude>
    <ClInclude Include="libcore\DepWindow.h">
      <Filter>Header Files</Filter>
    </ClInclude>
    <ClInclude Include="libcore\DInst.h">
      <Filter>Header Files</Filter>
    </ClInclude>
    <ClInclude Include="libmint\elf.h">
      <Filter>Header Files</Filter>
    </ClInclude>
    <ClInclude Include="libmint\ElfObject.h">
      <Filter>Header Files</Filter>
    </ClInclude>
    <ClInclude Include="libcore\EnergyMgr.h">
      <Filter>Header Files</Filter>
    </ClInclude>
    <ClInclude Include="libsuc\estl.h">
      <Filter>Header Files</Filter>
    </ClInclude>
    <ClInclude Include="libmint\event.h">
      <Filter>Header Files</Filter>
    </ClInclude>
    <ClInclude Include="MemSys\EventManager.h">
      <Filter>Header Files</Filter>
    </ClInclude>
    <ClInclude Include="libll\Events.h">
      <Filter>Header Files</Filter>
    </ClInclude>
    <ClInclude Include="MemSys\Messages\EvictionMsg.h">
      <Filter>Header Files</Filter>
    </ClInclude>
    <ClInclude Include="MemSys\Messages\EvictionResponseMsg.h">
      <Filter>Header Files</Filter>
    </ClInclude>
    <ClInclude Include="libll\ExecutionFlow.h">
      <Filter>Header Files</Filter>
    </ClInclude>
    <ClInclude Include="libmint\export.h">
      <Filter>Header Files</Filter>
    </ClInclude>
    <ClInclude Include="MemSys\Factory.h">
      <Filter>Header Files</Filter>
    </ClInclude>
    <ClInclude Include="libsuc\FastQueue.h">
      <Filter>Header Files</Filter>
    </ClInclude>
    <ClInclude Include="libcore\FetchEngine.h">
      <Filter>Header Files</Filter>
    </ClInclude>
    <ClInclude Include="libsuc\fpu_control.h">
      <Filter>Header Files</Filter>
    </ClInclude>
    <ClInclude Include="libsuc\GCObject.h">
      <Filter>Header Files</Filter>
    </ClInclude>
    <ClInclude Include="libsuc\GEnergy.h">
      <Filter>Header Files</Filter>
    </ClInclude>
    <ClInclude Include="libll\GFlow.h">
      <Filter>Header Files</Filter>
    </ClInclude>
    <ClInclude Include="libmint\globals.h">
      <Filter>Header Files</Filter>
    </ClInclude>
    <ClInclude Include="libcore\GLVID.h">
      <Filter>Header Files</Filter>
    </ClInclude>
    <ClInclude Include="libcore\GMemoryOS.h">
      <Filter>Header Files</Filter>
    </ClInclude>
    <ClInclude Include="libcore\GMemorySystem.h">
      <Filter>Header Files</Filter>
    </ClInclude>
    <ClInclude Include="libcore\GProcessor.h">
      <Filter>Header Files</Filter>
    </ClInclude>
    <ClInclude Include="libsuc\GStats.h">
      <Filter>Header Files</Filter>
    </ClInclude>
    <ClInclude Include="MemSys\HashContainers.h">
      <Filter>Header Files</Filter>
    </ClInclude>
    <ClInclude Include="libll\HeapManager.h">
      <Filter>Header Files</Filter>
    </ClInclude>
    <ClInclude Include="libcore\HVersion.h">
      <Filter>Header Files</Filter>
    </ClInclude>
    <ClInclude Include="libmint\icode.h">
      <Filter>Header Files</Filter>
    </ClInclude>
    <ClInclude Include="libll\Instruction.h">
      <Filter>Header Files</Filter>
    </ClInclude>
    <ClInclude Include="libll\InstType.h">
      <Filter>Header Files</Filter>
    </ClInclude>
    <ClInclude Include="MemSys\Messages\InvalidateMsg.h">
      <Filter>Header Files</Filter>
    </ClInclude>
    <ClInclude Include="MemSys\Messages\InvalidateResponseMsg.h">
      <Filter>Header Files</Filter>
    </ClInclude>
    <ClInclude Include="libtrans\ITMCollisionDetection.h">
      <Filter>Header Files</Filter>
    </ClInclude>
    <ClInclude Include="libtrans\ITMCollisionManager.h">
      <Filter>Header Files</Filter>
    </ClInclude>
    <ClInclude Include="libtrans\ITMVersioning.h">
      <Filter>Header Files</Filter>
    </ClInclude>
    <ClInclude Include="libcore\LDSTBuffer.h">
      <Filter>Header Files</Filter>
    </ClInclude>
    <ClInclude Include="libcore\LDSTQ.h">
      <Filter>Header Files</Filter>
    </ClInclude>
    <ClInclude Include="libtrans\LogTMCollisionDetection.h">
      <Filter>Header Files</Filter>
    </ClInclude>
    <ClInclude Include="libtrans\LogTMSECollisionDetection.h">
      <Filter>Header Files</Filter>
    </ClInclude>
    <ClInclude Include="libmem\MarkovPrefetcher.h">
      <Filter>Header Files</Filter>
    </ClInclude>
    <ClInclude Include="libmem\MemCtrl.h">
      <Filter>Header Files</Filter>
    </ClInclude>
    <ClInclude Include="libcore\MemObj.h">
      <Filter>Header Files</Filter>
    </ClInclude>
    <ClInclude Include="libmem\MemoryOS.h">
      <Filter>Header Files</Filter>
    </ClInclude>
    <ClInclude Include="MemSys\MemorySystem.h">
      <Filter>Header Files</Filter>
    </ClInclude>
    <ClInclude Include="libmem\MemorySystem.h">
      <Filter>Header Files</Filter>
    </ClInclude>
    <ClInclude Include="libcore\MemRequest.h">
      <Filter>Header Files</Filter>
    </ClInclude>
    <ClInclude Include="libmint\mendian.h">
      <Filter>Header Files</Filter>
    </ClInclude>
    <ClInclude Include="libll\minidecoder.h">
      <Filter>Header Files</Filter>
    </ClInclude>
    <ClInclude Include="libmint\mint.h">
      <Filter>Header Files</Filter>
    </ClInclude>
    <ClInclude Include="libmint\mintapi.h">
      <Filter>Header Files</Filter>
    </ClInclude>
    <ClInclude Include="MemSys\Devices\MOESICache.h">
      <Filter>Header Files</Filter>
    </ClInclude>
    <ClInclude Include="libsuc\MSHR.h">
      <Filter>Header Files</Filter>
    </ClInclude>
    <ClInclude Include="MemSys\MSTypes.h">
      <Filter>Header Files</Filter>
    </ClInclude>
    <ClInclude Include="libmem\mtst1.h">
      <Filter>Header Files</Filter>
    </ClInclude>
    <ClInclude Include="libmint\myelf.h">
      <Filter>Header Files</Filter>
    </ClInclude>
    <ClInclude Include="libsuc\nanassert.h">
      <Filter>Header Files</Filter>
    </ClInclude>
    <ClInclude Include="libmint\non_mips.h">
      <Filter>Header Files</Filter>
    </ClInclude>
    <ClInclude Include="libmint\opcodes.h">
      <Filter>Header Files</Filter>
    </ClInclude>
    <ClInclude Include="libcore\OSSim.h">
      <Filter>Header Files</Filter>
    </ClInclude>
    <ClInclude Include="libtrans\PerfectCollisionDetection.h">
      <Filter>Header Files</Filter>
    </ClInclude>
    <ClInclude Include="libtrans\PerfectCollisionManager.h">
      <Filter>Header Files</Filter>
    </ClInclude>
    <ClInclude Include="libtrans\PerfectVersioning.h">
      <Filter>Header Files</Filter>
    </ClInclude>
    <ClInclude Include="libcore\Pipeline.h">
      <Filter>Header Files</Filter>
    </ClInclude>
    <ClInclude Include="MemSys\Pool.h">
      <Filter>Header Files</Filter>
    </ClInclude>
    <ClInclude Include="libsuc\pool.h">
      <Filter>Header Files</Filter>
    </ClInclude>
    <ClInclude Include="libsuc\Port.h">
      <Filter>Header Files</Filter>
    </ClInclude>
    <ClInclude Include="libpint\PPCDecoder.h">
      <Filter>Header Files</Filter>
    </ClInclude>
    <ClInclude Include="libpint\PPCOpcodes.h">
      <Filter>Header Files</Filter>
    </ClInclude>
    <ClInclude Include="libmint\prctl.h">
      <Filter>Header Files</Filter>
    </ClInclude>
    <ClInclude Include="libmem\PriorityBus.h">
      <Filter>Header Files</Filter>
    </ClInclude>
    <ClInclude Include="libcore\ProcessId.h">
      <Filter>Header Files</Filter>
    </ClInclude>
    <ClInclude Include="libcore\Processor.h">
      <Filter>Header Files</Filter>
    </ClInclude>
    <ClInclude Include="libll\QemuSescReader.h">
      <Filter>Header Files</Filter>
    </ClInclude>
    <ClInclude Include="libll\QemuSescTrace.h">
      <Filter>Header Files</Filter>
    </ClInclude>
    <ClInclude Include="MemSys\Messages\ReadMsg.h">
      <Filter>Header Files</Filter>
    </ClInclude>
    <ClInclude Include="MemSys\Messages\ReadResponseMsg.h">
      <Filter>Header Files</Filter>
    </ClInclude>
    <ClInclude Include="libsuc\ReportGen.h">
      <Filter>Header Files</Filter>
    </ClInclude>
    <ClInclude Include="libsuc\ReportTherm.h">
      <Filter>Header Files</Filter>
    </ClInclude>
    <ClInclude Include="libcore\Resource.h">
      <Filter>Header Files</Filter>
    </ClInclude>
    <ClInclude Include="libcore\RiskLoadProf.h">
      <Filter>Header Files</Filter>
    </ClInclude>
    <ClInclude Include="libll\RSTFlow.h">
      <Filter>Header Files</Filter>
    </ClInclude>
    <ClInclude Include="libll\RSTReader.h">
      <Filter>Header Files</Filter>
    </ClInclude>
    <ClInclude Include="libcore\RunningProcs.h">
      <Filter>Header Files</Filter>
    </ClInclude>
    <ClInclude Include="libsuc\SCTable.h">
      <Filter>Header Files</Filter>
    </ClInclude>
    <ClInclude Include="libapp\sescapi.h">
      <Filter>Header Files</Filter>
    </ClInclude>
    <ClInclude Include="libsuc\SescConf.h">
      <Filter>Header Files</Filter>
    </ClInclude>
    <ClInclude Include="MemSys\Devices\SESCProcessorInterface.h">
      <Filter>Header Files</Filter>
    </ClInclude>
    <ClInclude Include="libapp\simicsapi.h">
      <Filter>Header Files</Filter>
    </ClInclude>
    <ClInclude Include="libsuc\SizedTypes.h">
      <Filter>Header Files</Filter>
    </ClInclude>
    <ClInclude Include="libcore\SMTProcessor.h">
      <Filter>Header Files</Filter>
    </ClInclude>
    <ClInclude Include="libsuc\Snippets.h">
      <Filter>Header Files</Filter>
    </ClInclude>
    <ClInclude Include="MemSys\Devices\SnoopyBus.h">
      <Filter>Header Files</Filter>
    </ClInclude>
    <ClInclude Include="libll\SPARCInstruction.h">
      <Filter>Header Files</Filter>
    </ClInclude>
    <ClInclude Include="MemSys\StoredFunctionCall.h">
      <Filter>Header Files</Filter>
    </ClInclude>
    <ClInclude Include="libmem\StridePrefetcher.h">
      <Filter>Header Files</Filter>
    </ClInclude>
    <ClInclude Include="libmint\symtab.h">
      <Filter>Header Files</Filter>
    </ClInclude>
    <ClInclude Include="MemSys\Devices\TestEmitterProcessorInterface.h">
      <Filter>Header Files</Filter>
    </ClInclude>
    <ClInclude Include="MemSys\Devices\TestMemory.h">
      <Filter>Header Files</Filter>
    </ClInclude>
    <ClInclude Include="libsuc\ThermTrace.h">
      <Filter>Header Files</Filter>
    </ClInclude>
    <ClInclude Include="libll\ThreadContext.h">
      <Filter>Header Files</Filter>
    </ClInclude>
    <ClInclude Include="libmem\TLB.h">
      <Filter>Header Files</Filter>
    </ClInclude>
    <ClInclude Include="libtrans\TMInterface.h">
      <Filter>Header Files</Filter>
    </ClInclude>
    <ClInclude Include="libtrans\TMMemory.h">
      <Filter>Header Files</Filter>
    </ClInclude>
    <ClInclude Include="libtrans\TMOpCodes.h">
      <Filter>Header Files</Filter>
    </ClInclude>
    <ClInclude Include="libtrans\TMProcessor.h">
      <Filter>Header Files</Filter>
    </ClInclude>
    <ClInclude Include="libsuc\TQueue.h">
      <Filter>Header Files</Filter>
    </ClInclude>
    <ClInclude Include="libll\TraceEntry.h">
      <Filter>Header Files</Filter>
    </ClInclude>
    <ClInclude Include="libll\TraceFlow.h">
      <Filter>Header Files</Filter>
    </ClInclude>
    <ClInclude Include="libsuc\TraceGen.h">
      <Filter>Header Files</Filter>
    </ClInclude>
    <ClInclude Include="libll\TraceReader.h">
      <Filter>Header Files</Filter>
    </ClInclude>
    <ClInclude Include="libll\TT6Reader.h">
      <Filter>Header Files</Filter>
    </ClInclude>
    <ClInclude Include="libmem\UglyMemRequest.h">
      <Filter>Header Files</Filter>
    </ClInclude>
    <ClInclude Include="libcore\ValueTable.h">
      <Filter>Header Files</Filter>
    </ClInclude>
    <ClInclude Include="libcore\VPred.h">
      <Filter>Header Files</Filter>
    </ClInclude>
    <ClInclude Include="MemSys\Messages\WriteMsg.h">
      <Filter>Header Files</Filter>
    </ClInclude>
    <ClInclude Include="MemSys\Messages\WriteResponseMsg.h">
      <Filter>Header Files</Filter>
    </ClInclude>
    <ClInclude Include="libsuc\zlibStreams.h">
      <Filter>Header Files</Filter>
    </ClInclude>
    <ClInclude Include="memsys\devices\directory.h">
      <Filter>Header Files</Filter>
    </ClInclude>
    <ClInclude Include="memsys\devices\networkmemoryinterface.h">
      <Filter>Header Files</Filter>
    </ClInclude>
    <ClInclude Include="memsys\devices\randomloadnetwork.h">
      <Filter>Header Files</Filter>
    </ClInclude>
    <ClInclude Include="memsys\messages\networkmsg.h">
      <Filter>Header Files</Filter>
    </ClInclude>
    <ClInclude Include="include\hash_fun_extra.h">
      <Filter>Header Files</Filter>
    </ClInclude>
    <ClInclude Include="include\to_string.h">
      <Filter>Header Files</Filter>
    </ClInclude>
    <ClInclude Include="MemSys\Devices\ThreeStageDirectory.h">
      <Filter>Header Files</Filter>
    </ClInclude>
    <ClInclude Include="MemSys\Messages\InvalidateSharerMsg.h">
      <Filter>Header Files</Filter>
    </ClInclude>
    <ClInclude Include="MemSys\Messages\SpeculativeReadResponseMsg.h">
      <Filter>Header Files</Filter>
    </ClInclude>
    <ClInclude Include="memsys\messages\interventionsharedrequestmsg.h">
      <Filter>Header Files</Filter>
    </ClInclude>
    <ClInclude Include="MemSys\Messages\EvictionBusyAckMsg.h">
      <Filter>Header Files</Filter>
    </ClInclude>
    <ClInclude Include="MemSys\Messages\MemAccessCompleteMsg.h">
      <Filter>Header Files</Filter>
    </ClInclude>
    <ClInclude Include="MemSys\Messages\InterventionCompleteMsg.h">
      <Filter>Header Files</Filter>
    </ClInclude>
    <ClInclude Include="MemSys\Messages\InvalidationCompleteMsg.h">
      <Filter>Header Files</Filter>
    </ClInclude>
    <ClInclude Include="MemSys\Messages\ReadCompleteMsg.h">
      <Filter>Header Files</Filter>
    </ClInclude>
    <ClInclude Include="MemSys\Messages\UnrequestedReadResponseMsg.h">
      <Filter>Header Files</Filter>
    </ClInclude>
    <ClInclude Include="MemSys\Devices\MSICache.h">
      <Filter>Header Files</Filter>
    </ClInclude>
    <ClInclude Include="MemSys\Devices\MESICache.h">
      <Filter>Header Files</Filter>
    </ClInclude>
  </ItemGroup>
  <ItemGroup>
    <ClCompile Include="libmem\AddressPrefetcher.cpp">
      <Filter>Source Files</Filter>
    </ClCompile>
    <ClCompile Include="libcore\AdvancedStats.cpp">
      <Filter>Source Files</Filter>
    </ClCompile>
    <ClCompile Include="libmem\AlwaysPrefetch.cpp">
      <Filter>Source Files</Filter>
    </ClCompile>
    <ClCompile Include="libmem\Bank.cpp">
      <Filter>Source Files</Filter>
    </ClCompile>
    <ClCompile Include="MemSys\Devices\BaseMemDevice.cpp">
      <Filter>Source Files</Filter>
    </ClCompile>
    <ClCompile Include="libsuc\BloomFilter.cpp">
      <Filter>Source Files</Filter>
    </ClCompile>
    <ClCompile Include="libcore\BPred.cpp">
      <Filter>Source Files</Filter>
    </ClCompile>
    <ClCompile Include="libmem\Bus.cpp">
      <Filter>Source Files</Filter>
    </ClCompile>
    <ClCompile Include="libmem\Cache.cpp">
      <Filter>Source Files</Filter>
    </ClCompile>
    <ClCompile Include="libsuc\CacheCore.cpp">
      <Filter>Source Files</Filter>
    </ClCompile>
    <ClCompile Include="libsuc\callback.cpp">
      <Filter>Source Files</Filter>
    </ClCompile>
    <ClCompile Include="libcore\Cluster.cpp">
      <Filter>Source Files</Filter>
    </ClCompile>
    <ClCompile Include="libtrans\CollisionDetectionExcludeAllBut.cpp">
      <Filter>Source Files</Filter>
    </ClCompile>
    <ClCompile Include="libsuc\Config.cpp">
      <Filter>Source Files</Filter>
    </ClCompile>
    <ClCompile Include="libsuc\conflex.tab.cpp">
      <Filter>Source Files</Filter>
    </ClCompile>
    <ClCompile Include="libsuc\conflexlex.cpp">
      <Filter>Source Files</Filter>
    </ClCompile>
    <ClCompile Include="MemSys\Connection.cpp">
      <Filter>Source Files</Filter>
    </ClCompile>
    <ClCompile Include="libmint\coproc.cpp">
      <Filter>Source Files</Filter>
    </ClCompile>
    <ClCompile Include="libcore\DepWindow.cpp">
      <Filter>Source Files</Filter>
    </ClCompile>
    <ClCompile Include="libcore\DInst.cpp">
      <Filter>Source Files</Filter>
    </ClCompile>
    <ClCompile Include="libmint\dump.cpp">
      <Filter>Source Files</Filter>
    </ClCompile>
    <ClCompile Include="libmint\elf.cpp">
      <Filter>Source Files</Filter>
    </ClCompile>
    <ClCompile Include="libmint\error_ops.cpp">
      <Filter>Source Files</Filter>
    </ClCompile>
    <ClCompile Include="MemSys\EventManager.cpp">
      <Filter>Source Files</Filter>
    </ClCompile>
    <ClCompile Include="libll\Events.cpp">
      <Filter>Source Files</Filter>
    </ClCompile>
    <ClCompile Include="libmint\exec.cpp">
      <Filter>Source Files</Filter>
    </ClCompile>
    <ClCompile Include="libll\ExecutionFlow.cpp">
      <Filter>Source Files</Filter>
    </ClCompile>
    <ClCompile Include="libcore\FetchEngine.cpp">
      <Filter>Source Files</Filter>
    </ClCompile>
    <ClCompile Include="libll\GFlow.cpp">
      <Filter>Source Files</Filter>
    </ClCompile>
    <ClCompile Include="libcore\GMemoryOS.cpp">
      <Filter>Source Files</Filter>
    </ClCompile>
    <ClCompile Include="libcore\GMemorySystem.cpp">
      <Filter>Source Files</Filter>
    </ClCompile>
    <ClCompile Include="libcore\GProcessor.cpp">
      <Filter>Source Files</Filter>
    </ClCompile>
    <ClCompile Include="libsuc\GStats.cpp">
      <Filter>Source Files</Filter>
    </ClCompile>
    <ClCompile Include="libll\HeapManager.cpp">
      <Filter>Source Files</Filter>
    </ClCompile>
    <ClCompile Include="libmint\icode.cpp">
      <Filter>Source Files</Filter>
    </ClCompile>
    <ClCompile Include="libll\Instruction.cpp">
      <Filter>Source Files</Filter>
    </ClCompile>
    <ClCompile Include="libcore\LDSTBuffer.cpp">
      <Filter>Source Files</Filter>
    </ClCompile>
    <ClCompile Include="libcore\LDSTQ.cpp">
      <Filter>Source Files</Filter>
    </ClCompile>
    <ClCompile Include="libtrans\LogTMCollisionDetection.cpp">
      <Filter>Source Files</Filter>
    </ClCompile>
    <ClCompile Include="libtrans\LogTMSECollisionDetection.cpp">
      <Filter>Source Files</Filter>
    </ClCompile>
    <ClCompile Include="libmem\MarkovPrefetcher.cpp">
      <Filter>Source Files</Filter>
    </ClCompile>
    <ClCompile Include="libmem\MemCtrl.cpp">
      <Filter>Source Files</Filter>
    </ClCompile>
    <ClCompile Include="libcore\MemObj.cpp">
      <Filter>Source Files</Filter>
    </ClCompile>
    <ClCompile Include="libmem\MemoryOS.cpp">
      <Filter>Source Files</Filter>
    </ClCompile>
    <ClCompile Include="MemSys\MemorySystem.cpp">
      <Filter>Source Files</Filter>
    </ClCompile>
    <ClCompile Include="libmem\MemorySystem_Old.cpp">
      <Filter>Source Files</Filter>
    </ClCompile>
    <ClCompile Include="libcore\MemRequest.cpp">
      <Filter>Source Files</Filter>
    </ClCompile>
    <ClCompile Include="libmint\mendian.cpp">
      <Filter>Source Files</Filter>
    </ClCompile>
    <ClCompile Include="libmint\mint_init.cpp">
      <Filter>Source Files</Filter>
    </ClCompile>
    <ClCompile Include="libll\MIPSInstruction.cpp">
      <Filter>Source Files</Filter>
    </ClCompile>
    <ClCompile Include="MemSys\Devices\MOESICache.cpp">
      <Filter>Source Files</Filter>
    </ClCompile>
    <ClCompile Include="libsuc\MSHR.cpp">
      <Filter>Source Files</Filter>
    </ClCompile>
    <ClCompile Include="libmem\mtst1.cpp">
      <Filter>Source Files</Filter>
    </ClCompile>
    <ClCompile Include="libsuc\nanassert.cpp">
      <Filter>Source Files</Filter>
    </ClCompile>
    <ClCompile Include="libmint\non_mips.cpp">
      <Filter>Source Files</Filter>
    </ClCompile>
    <ClCompile Include="libmint\opcodes.cpp">
      <Filter>Source Files</Filter>
    </ClCompile>
    <ClCompile Include="libmint\ops.cpp">
      <Filter>Source Files</Filter>
    </ClCompile>
    <ClCompile Include="libcore\OSSim.cpp">
      <Filter>Source Files</Filter>
    </ClCompile>
    <ClCompile Include="libtrans\PerfectCollisionDetection.cpp">
      <Filter>Source Files</Filter>
    </ClCompile>
    <ClCompile Include="libtrans\PerfectCollisionManager.cpp">
      <Filter>Source Files</Filter>
    </ClCompile>
    <ClCompile Include="libtrans\PerfectVersioning.cpp">
      <Filter>Source Files</Filter>
    </ClCompile>
    <ClCompile Include="libcore\Pipeline.cpp">
      <Filter>Source Files</Filter>
    </ClCompile>
    <ClCompile Include="libsuc\Port.cpp">
      <Filter>Source Files</Filter>
    </ClCompile>
    <ClCompile Include="libpint\PPCDecoder.cpp">
      <Filter>Source Files</Filter>
    </ClCompile>
    <ClCompile Include="libll\PPCInstruction.cpp">
      <Filter>Source Files</Filter>
    </ClCompile>
    <ClCompile Include="libmem\PriorityBus.cpp">
      <Filter>Source Files</Filter>
    </ClCompile>
    <ClCompile Include="libcore\ProcessId.cpp">
      <Filter>Source Files</Filter>
    </ClCompile>
    <ClCompile Include="libcore\Processor.cpp">
      <Filter>Source Files</Filter>
    </ClCompile>
    <ClCompile Include="libll\QemuSescReader.cpp">
      <Filter>Source Files</Filter>
    </ClCompile>
    <ClCompile Include="libsuc\ReportGen.cpp">
      <Filter>Source Files</Filter>
    </ClCompile>
    <ClCompile Include="libsuc\ReportTherm.cpp">
      <Filter>Source Files</Filter>
    </ClCompile>
    <ClCompile Include="libcore\Resource.cpp">
      <Filter>Source Files</Filter>
    </ClCompile>
    <ClCompile Include="libcore\RiskLoadProf.cpp">
      <Filter>Source Files</Filter>
    </ClCompile>
    <ClCompile Include="libcore\RunningProcs.cpp">
      <Filter>Source Files</Filter>
    </ClCompile>
    <ClCompile Include="libsuc\SCTable.cpp">
      <Filter>Source Files</Filter>
    </ClCompile>
    <ClCompile Include="libsuc\SescConf.cpp">
      <Filter>Source Files</Filter>
    </ClCompile>
    <ClCompile Include="MemSys\Devices\SESCProcessorInterface.cpp">
      <Filter>Source Files</Filter>
    </ClCompile>
    <ClCompile Include="libcore\SMTProcessor.cpp">
      <Filter>Source Files</Filter>
    </ClCompile>
    <ClCompile Include="libsuc\Snippets.cpp">
      <Filter>Source Files</Filter>
    </ClCompile>
    <ClCompile Include="MemSys\Devices\SnoopyBus.cpp">
      <Filter>Source Files</Filter>
    </ClCompile>
    <ClCompile Include="libmem\StridePrefetcher.cpp">
      <Filter>Source Files</Filter>
    </ClCompile>
    <ClCompile Include="libmint\subst.cpp">
      <Filter>Source Files</Filter>
    </ClCompile>
    <ClCompile Include="libmint\symtab.cpp">
      <Filter>Source Files</Filter>
    </ClCompile>
    <ClCompile Include="MemSys\Devices\TestMemory.cpp">
      <Filter>Source Files</Filter>
    </ClCompile>
    <ClCompile Include="libsuc\ThermTrace.cpp">
      <Filter>Source Files</Filter>
    </ClCompile>
    <ClCompile Include="libll\ThreadContext.cpp">
      <Filter>Source Files</Filter>
    </ClCompile>
    <ClCompile Include="libmem\TLB.cpp">
      <Filter>Source Files</Filter>
    </ClCompile>
    <ClCompile Include="libtrans\TMInterface.cpp">
      <Filter>Source Files</Filter>
    </ClCompile>
    <ClCompile Include="libtrans\TMMemory.cpp">
      <Filter>Source Files</Filter>
    </ClCompile>
    <ClCompile Include="libtrans\TMProcessor.cpp">
      <Filter>Source Files</Filter>
    </ClCompile>
    <ClCompile Include="libsuc\TQueue.cpp">
      <Filter>Source Files</Filter>
    </ClCompile>
    <ClCompile Include="libsuc\TraceGen.cpp">
      <Filter>Source Files</Filter>
    </ClCompile>
    <ClCompile Include="libmem\UglyMemRequest.cpp">
      <Filter>Source Files</Filter>
    </ClCompile>
    <ClCompile Include="libmint\utils.cpp">
      <Filter>Source Files</Filter>
    </ClCompile>
    <ClCompile Include="libcore\ValueTable.cpp">
      <Filter>Source Files</Filter>
    </ClCompile>
    <ClCompile Include="libcore\VPred.cpp">
      <Filter>Source Files</Filter>
    </ClCompile>
    <ClCompile Include="libsuc\zlibStreams.cpp">
      <Filter>Source Files</Filter>
    </ClCompile>
    <ClCompile Include="MemSys\Devices\Directory.cpp">
      <Filter>Source Files</Filter>
    </ClCompile>
    <ClCompile Include="MemSys\Devices\NetworkMemoryInterface.cpp">
      <Filter>Source Files</Filter>
    </ClCompile>
    <ClCompile Include="MemSys\Devices\RandomLoadNetwork.cpp">
      <Filter>Source Files</Filter>
    </ClCompile>
    <ClCompile Include="MemSys\Devices\ThreeStageDirectory.cpp">
      <Filter>Source Files</Filter>
    </ClCompile>
    <ClCompile Include="MemSys\Devices\MSICache.cpp">
      <Filter>Source Files</Filter>
    </ClCompile>
    <ClCompile Include="MemSys\Devices\MESICache.cpp">
      <Filter>Source Files</Filter>
    </ClCompile>
  </ItemGroup>
  <ItemGroup>
    <None Include="libpint\PPCInsts.def">
      <Filter>Source Files</Filter>
    </None>
    <None Include="libmint\AddressSpace.cpp~" />
    <None Include="libcore\ASVersion.cpp~" />
    <None Include="libsuc\BloomFilter.cpp~" />
    <None Include="libcore\BPred.cpp~" />
    <None Include="libsuc\CacheCore.cpp~" />
    <None Include="libsuc\Config.cpp~" />
    <None Include="libmint\elf.cpp~" />
    <None Include="libcore\EnergyMgr.cpp~" />
    <None Include="libcore\Epoch.cpp~" />
    <None Include="libmint\exec.cpp~" />
    <None Include="libll\ExecutionFlow.cpp~" />
    <None Include="libcore\GLVID.cpp~" />
    <None Include="libcore\GMemorySystem.cpp~" />
    <None Include="libsuc\GStats.cpp~" />
    <None Include="libll\HeapManager.cpp~" />
    <None Include="libcore\HVersion.cpp~" />
    <None Include="libcore\main.cpp~" />
    <None Include="Makefile.defs" />
    <None Include="Makefile.defs~" />
    <None Include="libcore\MemBuffer.cpp~" />
    <None Include="libmint\mint_init.cpp~" />
    <None Include="libmem\MOESICache.cpp~" />
    <None Include="libmem\mtst1.cpp~" />
    <None Include="libmint\non_mips.cpp~" />
    <None Include="libmint\opcodes.cpp~" />
    <None Include="libmem\augmemory\OracleDirectoryController.cpp~" />
    <None Include="libcore\OSSim.cpp~" />
    <None Include="libtrans\perfect\PerfectCollisionDetection.cpp~" />
    <None Include="libtrans\perfect\PerfectCollisionManager.cpp~" />
    <None Include="libtrans\perfect\PerfectVersioning.cpp~" />
    <None Include="libll\PPCInstruction.cpp~" />
    <None Include="libcore\Profile.cpp~" />
    <None Include="libll\QEMUFlow.cpp~" />
    <None Include="libll\QemuSparcInstruction.cpp~" />
    <None Include="libll\RSTIntruction.cpp~" />
    <None Include="libll\RSTReader.cpp~" />
    <None Include="libcore\RunningProcs.cpp~" />
    <None Include="libcore\Signature.cpp~" />
    <None Include="libmint\subst.cpp~" />
    <None Include="libcore\SysCall.cpp~" />
    <None Include="libmem\TaggedPrefetcher.cpp~" />
    <None Include="libsuc\ThermTrace.cpp~" />
    <None Include="libtrans\TMInterface.cpp~" />
    <None Include="libtrans\TMMemory.cpp~" />
    <None Include="libtrans\TMProcessor.cpp~" />
    <None Include="libll\TraceFlow.cpp~" />
    <None Include="libsuc\TraceGen.cpp~" />
    <None Include="MemSys\Devices\ThreeStageDirectory.cpp.old" />
  </ItemGroup>
</Project>